{
    "_readme": [
        "This file locks the dependencies of your project to a known state",
        "Read more about it at https://getcomposer.org/doc/01-basic-usage.md#installing-dependencies",
        "This file is @generated automatically"
    ],
    "content-hash": "6162e48f59285cbe3aacf5cbda71a7b0",
    "packages": [
        {
            "name": "michaeluno/php-classmap-generator",
            "version": "1.3.1",
            "source": {
                "type": "git",
                "url": "https://github.com/michaeluno/php-classmap-generator.git",
                "reference": "dcbfa10dc9e3fb1bcf68f7a01503d1f232103c10"
            },
            "dist": {
                "type": "zip",
                "url": "https://api.github.com/repos/michaeluno/php-classmap-generator/zipball/dcbfa10dc9e3fb1bcf68f7a01503d1f232103c10",
                "reference": "dcbfa10dc9e3fb1bcf68f7a01503d1f232103c10",
                "shasum": ""
            },
            "require": {
                "php": ">=5.6.20"
            },
            "type": "library",
            "autoload": {
                "psr-4": {
                    "PHPClassMapGenerator\\": "source/"
                }
            },
            "notification-url": "https://packagist.org/downloads/",
            "license": [
                "MIT"
            ],
            "authors": [
                {
                    "name": "Michael Uno",
                    "email": "michael2@michaeluno.jp"
                }
            ],
            "description": "A PHP class that generates class maps for autoload.",
            "keywords": [
                "class list",
                "class map",
                "file list",
                "files",
                "php"
            ],
            "support": {
                "issues": "https://github.com/michaeluno/php-classmap-generator/issues",
                "source": "https://github.com/michaeluno/php-classmap-generator/tree/1.3.1"
            },
            "time": "2022-02-22T16:20:25+00:00"
        }
    ],
    "packages-dev": [],
    "aliases": [],
    "minimum-stability": "stable",
    "stability-flags": [],
    "prefer-stable": false,
    "prefer-lowest": false,
    "platform": [],
    "platform-dev": [],
    "plugin-api-version": "2.1.0"
}
